
Microsoft Visual Studio Solution File, Format Version 12.00
Project("{FAE04EC0-301F-11D3-BF4B-00C04F79EFBC}") = "HW13", "HW13\HW13.csproj", "{F603ECD4-B110-4347-8A8F-8C04D5FA5346}"
EndProject
Global
	GlobalSection(SolutionConfigurationPlatforms) = preSolution
		Debug|Any CPU = Debug|Any CPU
		Release|Any CPU = Release|Any CPU
	EndGlobalSection
	GlobalSection(ProjectConfigurationPlatforms) = postSolution
		{F603ECD4-B110-4347-8A8F-8C04D5FA5346}.Debug|Any CPU.ActiveCfg = Debug|Any CPU
		{F603ECD4-B110-4347-8A8F-8C04D5FA5346}.Debug|Any CPU.Build.0 = Debug|Any CPU
		{F603ECD4-B110-4347-8A8F-8C04D5FA5346}.Release|Any CPU.ActiveCfg = Release|Any CPU
		{F603ECD4-B110-4347-8A8F-8C04D5FA5346}.Release|Any CPU.Build.0 = Release|Any CPU
	EndGlobalSection
EndGlobal
